
Microsoft Visual Studio Solution File, Format Version 12.00
# Visual Studio Version 16
VisualStudioVersion = 16.0.29201.188
MinimumVisualStudioVersion = 10.0.40219.1
Project("{FAE04EC0-301F-11D3-BF4B-00C04F79EFBC}") = "MVCTest", "MVCTest\MVCTest.csproj", "{694BE617-53DF-466B-ABF2-CB8DF00512CA}"
EndProject
Global
	GlobalSection(SolutionConfigurationPlatforms) = preSolution
		Debug|Any CPU = Debug|Any CPU
		Release|Any CPU = Release|Any CPU
	EndGlobalSection
	GlobalSection(ProjectConfigurationPlatforms) = postSolution
		{694BE617-53DF-466B-ABF2-CB8DF00512CA}.Debug|Any CPU.ActiveCfg = Debug|Any CPU
		{694BE617-53DF-466B-ABF2-CB8DF00512CA}.Debug|Any CPU.Build.0 = Debug|Any CPU
		{694BE617-53DF-466B-ABF2-CB8DF00512CA}.Release|Any CPU.ActiveCfg = Release|Any CPU
		{694BE617-53DF-466B-ABF2-CB8DF00512CA}.Release|Any CPU.Build.0 = Release|Any CPU
	EndGlobalSection
	GlobalSection(SolutionProperties) = preSolution
		HideSolutionNode = FALSE
	EndGlobalSection
	GlobalSection(ExtensibilityGlobals) = postSolution
		SolutionGuid = {264E478B-F88E-4B90-96B7-39ADE55E48E1}
	EndGlobalSection
EndGlobal
